// !$*UTF8*$!
{
	archiveVersion = 1;
	classes = {
	};
	objectVersion = 77;
	objects = {

/* Begin PBXBuildFile section */
		CE35F0B02E7092150044585E /* FirebaseAuth in Frameworks */ = {isa = PBXBuildFile; productRef = CE35F0AF2E7092150044585E /* FirebaseAuth */; };
		CE35F0B22E7092150044585E /* FirebaseFirestore in Frameworks */ = {isa = PBXBuildFile; productRef = CE35F0B12E7092150044585E /* FirebaseFirestore */; };
		CE941F332E46068700FCA40D /* ConfettiSwiftUI in Frameworks */ = {isa = PBXBuildFile; productRef = CE941F322E46068700FCA40D /* ConfettiSwiftUI */; };
/* End PBXBuildFile section */

/* Begin PBXContainerItemProxy section */
		CED6FF222E45F78200C37E8B /* PBXContainerItemProxy */ = {
			isa = PBXContainerItemProxy;
			containerPortal = CED6FF082E45F78000C37E8B /* Project object */;
			proxyType = 1;
			remoteGlobalIDString = CED6FF0F2E45F78000C37E8B;
			remoteInfo = FerteSecret;
		};
		CED6FF2C2E45F78200C37E8B /* PBXContainerItemProxy */ = {
			isa = PBXContainerItemProxy;
			containerPortal = CED6FF082E45F78000C37E8B /* Project object */;
			proxyType = 1;
			remoteGlobalIDString = CED6FF0F2E45F78000C37E8B;
			remoteInfo = FerteSecret;
		};
/* End PBXContainerItemProxy section */

/* Begin PBXFileReference section */
		CED6FF102E45F78000C37E8B /* FerteSecret.app */ = {isa = PBXFileReference; explicitFileType = wrapper.application; includeInIndex = 0; path = FerteSecret.app; sourceTree = BUILT_PRODUCTS_DIR; };
		CED6FF212E45F78200C37E8B /* FerteSecretTests.xctest */ = {isa = PBXFileReference; explicitFileType = wrapper.cfbundle; includeInIndex = 0; path = FerteSecretTests.xctest; sourceTree = BUILT_PRODUCTS_DIR; };
		CED6FF2B2E45F78200C37E8B /* FerteSecretUITests.xctest */ = {isa = PBXFileReference; explicitFileType = wrapper.cfbundle; includeInIndex = 0; path = FerteSecretUITests.xctest; sourceTree = BUILT_PRODUCTS_DIR; };
/* End PBXFileReference section */

/* Begin PBXFileSystemSynchronizedRootGroup section */
		CED6FF122E45F78000C37E8B /* FerteSecret */ = {
			isa = PBXFileSystemSynchronizedRootGroup;
			path = FerteSecret;
			sourceTree = "<group>";
		};
		CED6FF242E45F78200C37E8B /* FerteSecretTests */ = {
			isa = PBXFileSystemSynchronizedRootGroup;
			path = FerteSecretTests;
			sourceTree = "<group>";
		};
		CED6FF2E2E45F78200C37E8B /* FerteSecretUITests */ = {
			isa = PBXFileSystemSynchronizedRootGroup;
			path = FerteSecretUITests;
			sourceTree = "<group>";
		};
/* End PBXFileSystemSynchronizedRootGroup section */

/* Begin PBXFrameworksBuildPhase section */
		CED6FF0D2E45F78000C37E8B /* Frameworks */ = {
			isa = PBXFrameworksBuildPhase;
			buildActionMask = 2147483647;
			files = (
				CE941F332E46068700FCA40D /* ConfettiSwiftUI in Frameworks */,
				CE35F0B02E7092150044585E /* FirebaseAuth in Frameworks */,
				CE35F0B22E7092150044585E /* FirebaseFirestore in Frameworks */,
			);
			runOnlyForDeploymentPostprocessing = 0;
		};
		CED6FF1E2E45F78200C37E8B /* Frameworks */ = {
			isa = PBXFrameworksBuildPhase;
			buildActionMask = 2147483647;
			files = (
			);
			runOnlyForDeploymentPostprocessing = 0;
		};
		CED6FF282E45F78200C37E8B /* Frameworks */ = {
			isa = PBXFrameworksBuildPhase;
			buildActionMask = 2147483647;
			files = (
			);
			runOnlyForDeploymentPostprocessing = 0;
		};
/* End PBXFrameworksBuildPhase section */

/* Begin PBXGroup section */
		CED6FF072E45F78000C37E8B = {
			isa = PBXGroup;
			children = (
				CED6FF122E45F78000C37E8B /* FerteSecret */,
				CED6FF242E45F78200C37E8B /* FerteSecretTests */,
				CED6FF2E2E45F78200C37E8B /* FerteSecretUITests */,
				CED6FF112E45F78000C37E8B /* Products */,
			);
			sourceTree = "<group>";
		};
		CED6FF112E45F78000C37E8B /* Products */ = {
			isa = PBXGroup;
			children = (
				CED6FF102E45F78000C37E8B /* FerteSecret.app */,
				CED6FF212E45F78200C37E8B /* FerteSecretTests.xctest */,
				CED6FF2B2E45F78200C37E8B /* FerteSecretUITests.xctest */,
			);
			name = Products;
			sourceTree = "<group>";
		};
/* End PBXGroup section */

/* Begin PBXNativeTarget section */
		CED6FF0F2E45F78000C37E8B /* FerteSecret */ = {
			isa = PBXNativeTarget;
			buildConfigurationList = CED6FF352E45F78200C37E8B /* Build configuration list for PBXNativeTarget "FerteSecret" */;
			buildPhases = (
				CED6FF0C2E45F78000C37E8B /* Sources */,
				CED6FF0D2E45F78000C37E8B /* Frameworks */,
				CED6FF0E2E45F78000C37E8B /* Resources */,
			);
			buildRules = (
			);
			dependencies = (
			);
			fileSystemSynchronizedGroups = (
				CED6FF122E45F78000C37E8B /* FerteSecret */,
			);
			name = FerteSecret;
			packageProductDependencies = (
				CE941F322E46068700FCA40D /* ConfettiSwiftUI */,
				CE35F0AF2E7092150044585E /* FirebaseAuth */,
				CE35F0B12E7092150044585E /* FirebaseFirestore */,
			);
			productName = FerteSecret;
			productReference = CED6FF102E45F78000C37E8B /* FerteSecret.app */;
			productType = "com.apple.product-type.application";
		};
		CED6FF202E45F78200C37E8B /* FerteSecretTests */ = {
			isa = PBXNativeTarget;
			buildConfigurationList = CED6FF382E45F78200C37E8B /* Build configuration list for PBXNativeTarget "FerteSecretTests" */;
			buildPhases = (
				CED6FF1D2E45F78200C37E8B /* Sources */,
				CED6FF1E2E45F78200C37E8B /* Frameworks */,
				CED6FF1F2E45F78200C37E8B /* Resources */,
			);
			buildRules = (
			);
			dependencies = (
				CED6FF232E45F78200C37E8B /* PBXTargetDependency */,
			);
			fileSystemSynchronizedGroups = (
				CED6FF242E45F78200C37E8B /* FerteSecretTests */,
			);
			name = FerteSecretTests;
			packageProductDependencies = (
			);
			productName = FerteSecretTests;
			productReference = CED6FF212E45F78200C37E8B /* FerteSecretTests.xctest */;
			productType = "com.apple.product-type.bundle.unit-test";
		};
		CED6FF2A2E45F78200C37E8B /* FerteSecretUITests */ = {
			isa = PBXNativeTarget;
			buildConfigurationList = CED6FF3B2E45F78200C37E8B /* Build configuration list for PBXNativeTarget "FerteSecretUITests" */;
			buildPhases = (
				CED6FF272E45F78200C37E8B /* Sources */,
				CED6FF282E45F78200C37E8B /* Frameworks */,
				CED6FF292E45F78200C37E8B /* Resources */,
			);
			buildRules = (
			);
			dependencies = (
				CED6FF2D2E45F78200C37E8B /* PBXTargetDependency */,
			);
			fileSystemSynchronizedGroups = (
				CED6FF2E2E45F78200C37E8B /* FerteSecretUITests */,
			);
			name = FerteSecretUITests;
			packageProductDependencies = (
			);
			productName = FerteSecretUITests;
			productReference = CED6FF2B2E45F78200C37E8B /* FerteSecretUITests.xctest */;
			productType = "com.apple.product-type.bundle.ui-testing";
		};
/* End PBXNativeTarget section */

/* Begin PBXProject section */
		CED6FF082E45F78000C37E8B /* Project object */ = {
			isa = PBXProject;
			attributes = {
				BuildIndependentTargetsInParallel = 1;
				LastSwiftUpdateCheck = 1620;
				LastUpgradeCheck = 1620;
				TargetAttributes = {
					CED6FF0F2E45F78000C37E8B = {
						CreatedOnToolsVersion = 16.2;
					};
					CED6FF202E45F78200C37E8B = {
						CreatedOnToolsVersion = 16.2;
						TestTargetID = CED6FF0F2E45F78000C37E8B;
					};
					CED6FF2A2E45F78200C37E8B = {
						CreatedOnToolsVersion = 16.2;
						TestTargetID = CED6FF0F2E45F78000C37E8B;
					};
				};
			};
			buildConfigurationList = CED6FF0B2E45F78000C37E8B /* Build configuration list for PBXProject "FerteSecret" */;
			developmentRegion = en;
			hasScannedForEncodings = 0;
			knownRegions = (
				en,
				Base,
			);
			mainGroup = CED6FF072E45F78000C37E8B;
			minimizedProjectReferenceProxies = 1;
			packageReferences = (
				CE941F312E46066900FCA40D /* XCRemoteSwiftPackageReference "ConfettiSwiftUI" */,
				CE35F0AB2E708CE40044585E /* XCRemoteSwiftPackageReference "firebase-ios-sdk" */,
			);
			preferredProjectObjectVersion = 77;
			productRefGroup = CED6FF112E45F78000C37E8B /* Products */;
			projectDirPath = "";
			projectRoot = "";
			targets = (
				CED6FF0F2E45F78000C37E8B /* FerteSecret */,
				CED6FF202E45F78200C37E8B /* FerteSecretTests */,
				CED6FF2A2E45F78200C37E8B /* FerteSecretUITests */,
			);
		};
/* End PBXProject section */

/* Begin PBXResourcesBuildPhase section */
		CED6FF0E2E45F78000C37E8B /* Resources */ = {
			isa = PBXResourcesBuildPhase;
			buildActionMask = 2147483647;
			files = (
			);
			runOnlyForDeploymentPostprocessing = 0;
		};
		CED6FF1F2E45F78200C37E8B /* Resources */ = {
			isa = PBXResourcesBuildPhase;
			buildActionMask = 2147483647;
			files = (
			);
			runOnlyForDeploymentPostprocessing = 0;
		};
		CED6FF292E45F78200C37E8B /* Resources */ = {
			isa = PBXResourcesBuildPhase;
			buildActionMask = 2147483647;
			files = (
			);
			runOnlyForDeploymentPostprocessing = 0;
		};
/* End PBXResourcesBuildPhase section */

/* Begin PBXSourcesBuildPhase section */
		CED6FF0C2E45F78000C37E8B /* Sources */ = {
			isa = PBXSourcesBuildPhase;
			buildActionMask = 2147483647;
			files = (
			);
			runOnlyForDeploymentPostprocessing = 0;
		};
		CED6FF1D2E45F78200C37E8B /* Sources */ = {
			isa = PBXSourcesBuildPhase;
			buildActionMask = 2147483647;
			files = (
			);
			runOnlyForDeploymentPostprocessing = 0;
		};
		CED6FF272E45F78200C37E8B /* Sources */ = {
			isa = PBXSourcesBuildPhase;
			buildActionMask = 2147483647;
			files = (
			);
			runOnlyForDeploymentPostprocessing = 0;
		};
/* End PBXSourcesBuildPhase section */

/* Begin PBXTargetDependency section */
		CED6FF232E45F78200C37E8B /* PBXTargetDependency */ = {
			isa = PBXTargetDependency;
			target = CED6FF0F2E45F78000C37E8B /* FerteSecret */;
			targetProxy = CED6FF222E45F78200C37E8B /* PBXContainerItemProxy */;
		};
		CED6FF2D2E45F78200C37E8B /* PBXTargetDependency */ = {
			isa = PBXTargetDependency;
			target = CED6FF0F2E45F78000C37E8B /* FerteSecret */;
			targetProxy = CED6FF2C2E45F78200C37E8B /* PBXContainerItemProxy */;
		};
/* End PBXTargetDependency section */

/* Begin XCBuildConfiguration section */
		CED6FF332E45F78200C37E8B /* Debug */ = {
			isa = XCBuildConfiguration;
			buildSettings = {
				ALWAYS_SEARCH_USER_PATHS = NO;
				ASSETCATALOG_COMPILER_GENERATE_SWIFT_ASSET_SYMBOL_EXTENSIONS = YES;
				CLANG_ANALYZER_NONNULL = YES;
				CLANG_ANALYZER_NUMBER_OBJECT_CONVERSION = YES_AGGRESSIVE;
				CLANG_CXX_LANGUAGE_STANDARD = "gnu++20";
				CLANG_ENABLE_MODULES = YES;
				CLANG_ENABLE_OBJC_ARC = YES;
				CLANG_ENABLE_OBJC_WEAK = YES;
				CLANG_WARN_BLOCK_CAPTURE_AUTORELEASING = YES;
				CLANG_WARN_BOOL_CONVERSION = YES;
				CLANG_WARN_COMMA = YES;
				CLANG_WARN_CONSTANT_CONVERSION = YES;
				CLANG_WARN_DEPRECATED_OBJC_IMPLEMENTATIONS = YES;
				CLANG_WARN_DIRECT_OBJC_ISA_USAGE = YES_ERROR;
				CLANG_WARN_DOCUMENTATION_COMMENTS = YES;
				CLANG_WARN_EMPTY_BODY = YES;
				CLANG_WARN_ENUM_CONVERSION = YES;
				CLANG_WARN_INFINITE_RECURSION = YES;
				CLANG_WARN_INT_CONVERSION = YES;
				CLANG_WARN_NON_LITERAL_NULL_CONVERSION = YES;
				CLANG_WARN_OBJC_IMPLICIT_RETAIN_SELF = YES;
				CLANG_WARN_OBJC_LITERAL_CONVERSION = YES;
				CLANG_WARN_OBJC_ROOT_CLASS = YES_ERROR;
				CLANG_WARN_QUOTED_INCLUDE_IN_FRAMEWORK_HEADER = YES;
				CLANG_WARN_RANGE_LOOP_ANALYSIS = YES;
				CLANG_WARN_STRICT_PROTOTYPES = YES;
				CLANG_WARN_SUSPICIOUS_MOVE = YES;
				CLANG_WARN_UNGUARDED_AVAILABILITY = YES_AGGRESSIVE;
				CLANG_WARN_UNREACHABLE_CODE = YES;
				CLANG_WARN__DUPLICATE_METHOD_MATCH = YES;
				COPY_PHASE_STRIP = NO;
				DEBUG_INFORMATION_FORMAT = dwarf;
				ENABLE_STRICT_OBJC_MSGSEND = YES;
				ENABLE_TESTABILITY = YES;
				ENABLE_USER_SCRIPT_SANDBOXING = YES;
				GCC_C_LANGUAGE_STANDARD = gnu17;
				GCC_DYNAMIC_NO_PIC = NO;
				GCC_NO_COMMON_BLOCKS = YES;
				GCC_OPTIMIZATION_LEVEL = 0;
				GCC_PREPROCESSOR_DEFINITIONS = (
					"DEBUG=1",
					"$(inherited)",
				);
				GCC_WARN_64_TO_32_BIT_CONVERSION = YES;
				GCC_WARN_ABOUT_RETURN_TYPE = YES_ERROR;
				GCC_WARN_UNDECLARED_SELECTOR = YES;
				GCC_WARN_UNINITIALIZED_AUTOS = YES_AGGRESSIVE;
				GCC_WARN_UNUSED_FUNCTION = YES;
				GCC_WARN_UNUSED_VARIABLE = YES;
				LOCALIZATION_PREFERS_STRING_CATALOGS = YES;
				MTL_ENABLE_DEBUG_INFO = INCLUDE_SOURCE;
				MTL_FAST_MATH = YES;
				ONLY_ACTIVE_ARCH = YES;
				SWIFT_ACTIVE_COMPILATION_CONDITIONS = "DEBUG $(inherited)";
				SWIFT_OPTIMIZATION_LEVEL = "-Onone";
			};
			name = Debug;
		};
		CED6FF342E45F78200C37E8B /* Release */ = {
			isa = XCBuildConfiguration;
			buildSettings = {
				ALWAYS_SEARCH_USER_PATHS = NO;
				ASSETCATALOG_COMPILER_GENERATE_SWIFT_ASSET_SYMBOL_EXTENSIONS = YES;
				CLANG_ANALYZER_NONNULL = YES;
				CLANG_ANALYZER_NUMBER_OBJECT_CONVERSION = YES_AGGRESSIVE;
				CLANG_CXX_LANGUAGE_STANDARD = "gnu++20";
				CLANG_ENABLE_MODULES = YES;
				CLANG_ENABLE_OBJC_ARC = YES;
				CLANG_ENABLE_OBJC_WEAK = YES;
				CLANG_WARN_BLOCK_CAPTURE_AUTORELEASING = YES;
				CLANG_WARN_BOOL_CONVERSION = YES;
				CLANG_WARN_COMMA = YES;
				CLANG_WARN_CONSTANT_CONVERSION = YES;
				CLANG_WARN_DEPRECATED_OBJC_IMPLEMENTATIONS = YES;
				CLANG_WARN_DIRECT_OBJC_ISA_USAGE = YES_ERROR;
				CLANG_WARN_DOCUMENTATION_COMMENTS = YES;
				CLANG_WARN_EMPTY_BODY = YES;
				CLANG_WARN_ENUM_CONVERSION = YES;
				CLANG_WARN_INFINITE_RECURSION = YES;
				CLANG_WARN_INT_CONVERSION = YES;
				CLANG_WARN_NON_LITERAL_NULL_CONVERSION = YES;
				CLANG_WARN_OBJC_IMPLICIT_RETAIN_SELF = YES;
				CLANG_WARN_OBJC_LITERAL_CONVERSION = YES;
				CLANG_WARN_OBJC_ROOT_CLASS = YES_ERROR;
				CLANG_WARN_QUOTED_INCLUDE_IN_FRAMEWORK_HEADER = YES;
				CLANG_WARN_RANGE_LOOP_ANALYSIS = YES;
				CLANG_WARN_STRICT_PROTOTYPES = YES;
				CLANG_WARN_SUSPICIOUS_MOVE = YES;
				CLANG_WARN_UNGUARDED_AVAILABILITY = YES_AGGRESSIVE;
				CLANG_WARN_UNREACHABLE_CODE = YES;
				CLANG_WARN__DUPLICATE_METHOD_MATCH = YES;
				COPY_PHASE_STRIP = NO;
				DEBUG_INFORMATION_FORMAT = "dwarf-with-dsym";
				ENABLE_NS_ASSERTIONS = NO;
				ENABLE_STRICT_OBJC_MSGSEND = YES;
				ENABLE_USER_SCRIPT_SANDBOXING = YES;
				GCC_C_LANGUAGE_STANDARD = gnu17;
				GCC_NO_COMMON_BLOCKS = YES;
				GCC_WARN_64_TO_32_BIT_CONVERSION = YES;
				GCC_WARN_ABOUT_RETURN_TYPE = YES_ERROR;
				GCC_WARN_UNDECLARED_SELECTOR = YES;
				GCC_WARN_UNINITIALIZED_AUTOS = YES_AGGRESSIVE;
				GCC_WARN_UNUSED_FUNCTION = YES;
				GCC_WARN_UNUSED_VARIABLE = YES;
				LOCALIZATION_PREFERS_STRING_CATALOGS = YES;
				MTL_ENABLE_DEBUG_INFO = NO;
				MTL_FAST_MATH = YES;
				SWIFT_COMPILATION_MODE = wholemodule;
			};
			name = Release;
		};
		CED6FF362E45F78200C37E8B /* Debug */ = {
			isa = XCBuildConfiguration;
			buildSettings = {
				ASSETCATALOG_COMPILER_APPICON_NAME = AppIcon;
				ASSETCATALOG_COMPILER_GLOBAL_ACCENT_COLOR_NAME = AccentColor;
				CODE_SIGN_ENTITLEMENTS = FerteSecret/FerteSecret.entitlements;
				CODE_SIGN_STYLE = Automatic;
				CURRENT_PROJECT_VERSION = 1;
				DEVELOPMENT_ASSET_PATHS = "\"FerteSecret/Preview Content\"";
				DEVELOPMENT_TEAM = 9P67VM9236;
				ENABLE_HARDENED_RUNTIME = YES;
				ENABLE_PREVIEWS = YES;
				GENERATE_INFOPLIST_FILE = YES;
				"INFOPLIST_KEY_UIApplicationSceneManifest_Generation[sdk=iphoneos*]" = YES;
				"INFOPLIST_KEY_UIApplicationSceneManifest_Generation[sdk=iphonesimulator*]" = YES;
				"INFOPLIST_KEY_UIApplicationSupportsIndirectInputEvents[sdk=iphoneos*]" = YES;
				"INFOPLIST_KEY_UIApplicationSupportsIndirectInputEvents[sdk=iphonesimulator*]" = YES;
				"INFOPLIST_KEY_UILaunchScreen_Generation[sdk=iphoneos*]" = YES;
				"INFOPLIST_KEY_UILaunchScreen_Generation[sdk=iphonesimulator*]" = YES;
				"INFOPLIST_KEY_UIStatusBarStyle[sdk=iphoneos*]" = UIStatusBarStyleDefault;
				"INFOPLIST_KEY_UIStatusBarStyle[sdk=iphonesimulator*]" = UIStatusBarStyleDefault;
				INFOPLIST_KEY_UISupportedInterfaceOrientations_iPad = "UIInterfaceOrientationPortrait UIInterfaceOrientationPortraitUpsideDown UIInterfaceOrientationLandscapeLeft UIInterfaceOrientationLandscapeRight";
				INFOPLIST_KEY_UISupportedInterfaceOrientations_iPhone = "UIInterfaceOrientationPortrait UIInterfaceOrientationLandscapeLeft UIInterfaceOrientationLandscapeRight";
				IPHONEOS_DEPLOYMENT_TARGET = 18.2;
				LD_RUNPATH_SEARCH_PATHS = "@executable_path/Frameworks";
				"LD_RUNPATH_SEARCH_PATHS[sdk=macosx*]" = "@executable_path/../Frameworks";
				MACOSX_DEPLOYMENT_TARGET = 15.2;
				MARKETING_VERSION = 1.0;
				PRODUCT_BUNDLE_IDENTIFIER = adam.mabrouki.FerteSecret;
				PRODUCT_NAME = "$(TARGET_NAME)";
				SDKROOT = auto;
				SUPPORTED_PLATFORMS = "iphoneos iphonesimulator macosx xros xrsimulator";
				SWIFT_EMIT_LOC_STRINGS = YES;
				SWIFT_VERSION = 5.0;
				TARGETED_DEVICE_FAMILY = "1,2,7";
				XROS_DEPLOYMENT_TARGET = 2.2;
			};
			name = Debug;
		};
		CED6FF372E45F78200C37E8B /* Release */ = {
			isa = XCBuildConfiguration;
			buildSettings = {
				ASSETCATALOG_COMPILER_APPICON_NAME = AppIcon;
				ASSETCATALOG_COMPILER_GLOBAL_ACCENT_COLOR_NAME = AccentColor;
				CODE_SIGN_ENTITLEMENTS = FerteSecret/FerteSecret.entitlements;
				CODE_SIGN_STYLE = Automatic;
				CURRENT_PROJECT_VERSION = 1;
				DEVELOPMENT_ASSET_PATHS = "\"FerteSecret/Preview Content\"";
				DEVELOPMENT_TEAM = 9P67VM9236;
				ENABLE_HARDENED_RUNTIME = YES;
				ENABLE_PREVIEWS = YES;
				GENERATE_INFOPLIST_FILE = YES;
				"INFOPLIST_KEY_UIApplicationSceneManifest_Generation[sdk=iphoneos*]" = YES;
				"INFOPLIST_KEY_UIApplicationSceneManifest_Generation[sdk=iphonesimulator*]" = YES;
				"INFOPLIST_KEY_UIApplicationSupportsIndirectInputEvents[sdk=iphoneos*]" = YES;
				"INFOPLIST_KEY_UIApplicationSupportsIndirectInputEvents[sdk=iphonesimulator*]" = YES;
				"INFOPLIST_KEY_UILaunchScreen_Generation[sdk=iphoneos*]" = YES;
				"INFOPLIST_KEY_UILaunchScreen_Generation[sdk=iphonesimulator*]" = YES;
				"INFOPLIST_KEY_UIStatusBarStyle[sdk=iphoneos*]" = UIStatusBarStyleDefault;
				"INFOPLIST_KEY_UIStatusBarStyle[sdk=iphonesimulator*]" = UIStatusBarStyleDefault;
				INFOPLIST_KEY_UISupportedInterfaceOrientations_iPad = "UIInterfaceOrientationPortrait UIInterfaceOrientationPortraitUpsideDown UIInterfaceOrientationLandscapeLeft UIInterfaceOrientationLandscapeRight";
				INFOPLIST_KEY_UISupportedInterfaceOrientations_iPhone = "UIInterfaceOrientationPortrait UIInterfaceOrientationLandscapeLeft UIInterfaceOrientationLandscapeRight";
				IPHONEOS_DEPLOYMENT_TARGET = 18.2;
				LD_RUNPATH_SEARCH_PATHS = "@executable_path/Frameworks";
				"LD_RUNPATH_SEARCH_PATHS[sdk=macosx*]" = "@executable_path/../Frameworks";
				MACOSX_DEPLOYMENT_TARGET = 15.2;
				MARKETING_VERSION = 1.0;
				PRODUCT_BUNDLE_IDENTIFIER = adam.mabrouki.FerteSecret;
				PRODUCT_NAME = "$(TARGET_NAME)";
				SDKROOT = auto;
				SUPPORTED_PLATFORMS = "iphoneos iphonesimulator macosx xros xrsimulator";
				SWIFT_EMIT_LOC_STRINGS = YES;
				SWIFT_VERSION = 5.0;
				TARGETED_DEVICE_FAMILY = "1,2,7";
				XROS_DEPLOYMENT_TARGET = 2.2;
			};
			name = Release;
		};
		CED6FF392E45F78200C37E8B /* Debug */ = {
			isa = XCBuildConfiguration;
			buildSettings = {
				BUNDLE_LOADER = "$(TEST_HOST)";
				CODE_SIGN_STYLE = Automatic;
				CURRENT_PROJECT_VERSION = 1;
				DEVELOPMENT_TEAM = 9P67VM9236;
				GENERATE_INFOPLIST_FILE = YES;
				IPHONEOS_DEPLOYMENT_TARGET = 18.2;
				MACOSX_DEPLOYMENT_TARGET = 15.2;
				MARKETING_VERSION = 1.0;
				PRODUCT_BUNDLE_IDENTIFIER = adam.mabrouki.FerteSecretTests;
				PRODUCT_NAME = "$(TARGET_NAME)";
				SDKROOT = auto;
				SUPPORTED_PLATFORMS = "iphoneos iphonesimulator macosx xros xrsimulator";
				SWIFT_EMIT_LOC_STRINGS = NO;
				SWIFT_VERSION = 5.0;
				TARGETED_DEVICE_FAMILY = "1,2,7";
				TEST_HOST = "$(BUILT_PRODUCTS_DIR)/FerteSecret.app/$(BUNDLE_EXECUTABLE_FOLDER_PATH)/FerteSecret";
				XROS_DEPLOYMENT_TARGET = 2.2;
			};
			name = Debug;
		};
		CED6FF3A2E45F78200C37E8B /* Release */ = {
			isa = XCBuildConfiguration;
			buildSettings = {
				BUNDLE_LOADER = "$(TEST_HOST)";
				CODE_SIGN_STYLE = Automatic;
				CURRENT_PROJECT_VERSION = 1;
				DEVELOPMENT_TEAM = 9P67VM9236;
				GENERATE_INFOPLIST_FILE = YES;
				IPHONEOS_DEPLOYMENT_TARGET = 18.2;
				MACOSX_DEPLOYMENT_TARGET = 15.2;
				MARKETING_VERSION = 1.0;
				PRODUCT_BUNDLE_IDENTIFIER = adam.mabrouki.FerteSecretTests;
				PRODUCT_NAME = "$(TARGET_NAME)";
				SDKROOT = auto;
				SUPPORTED_PLATFORMS = "iphoneos iphonesimulator macosx xros xrsimulator";
				SWIFT_EMIT_LOC_STRINGS = NO;
				SWIFT_VERSION = 5.0;
				TARGETED_DEVICE_FAMILY = "1,2,7";
				TEST_HOST = "$(BUILT_PRODUCTS_DIR)/FerteSecret.app/$(BUNDLE_EXECUTABLE_FOLDER_PATH)/FerteSecret";
				XROS_DEPLOYMENT_TARGET = 2.2;
			};
			name = Release;
		};
		CED6FF3C2E45F78200C37E8B /* Debug */ = {
			isa = XCBuildConfiguration;
			buildSettings = {
				CODE_SIGN_STYLE = Automatic;
				CURRENT_PROJECT_VERSION = 1;
				DEVELOPMENT_TEAM = 9P67VM9236;
				GENERATE_INFOPLIST_FILE = YES;
				IPHONEOS_DEPLOYMENT_TARGET = 18.2;
				MACOSX_DEPLOYMENT_TARGET = 15.2;
				MARKETING_VERSION = 1.0;
				PRODUCT_BUNDLE_IDENTIFIER = adam.mabrouki.FerteSecretUITests;
				PRODUCT_NAME = "$(TARGET_NAME)";
				SDKROOT = auto;
				SUPPORTED_PLATFORMS = "iphoneos iphonesimulator macosx xros xrsimulator";
				SWIFT_EMIT_LOC_STRINGS = NO;
				SWIFT_VERSION = 5.0;
				TARGETED_DEVICE_FAMILY = "1,2,7";
				TEST_TARGET_NAME = FerteSecret;
				XROS_DEPLOYMENT_TARGET = 2.2;
			};
			name = Debug;
		};
		CED6FF3D2E45F78200C37E8B /* Release */ = {
			isa = XCBuildConfiguration;
			buildSettings = {
				CODE_SIGN_STYLE = Automatic;
				CURRENT_PROJECT_VERSION = 1;
				DEVELOPMENT_TEAM = 9P67VM9236;
				GENERATE_INFOPLIST_FILE = YES;
				IPHONEOS_DEPLOYMENT_TARGET = 18.2;
				MACOSX_DEPLOYMENT_TARGET = 15.2;
				MARKETING_VERSION = 1.0;
				PRODUCT_BUNDLE_IDENTIFIER = adam.mabrouki.FerteSecretUITests;
				PRODUCT_NAME = "$(TARGET_NAME)";
				SDKROOT = auto;
				SUPPORTED_PLATFORMS = "iphoneos iphonesimulator macosx xros xrsimulator";
				SWIFT_EMIT_LOC_STRINGS = NO;
				SWIFT_VERSION = 5.0;
				TARGETED_DEVICE_FAMILY = "1,2,7";
				TEST_TARGET_NAME = FerteSecret;
				XROS_DEPLOYMENT_TARGET = 2.2;
			};
			name = Release;
		};
/* End XCBuildConfiguration section */

/* Begin XCConfigurationList section */
		CED6FF0B2E45F78000C37E8B /* Build configuration list for PBXProject "FerteSecret" */ = {
			isa = XCConfigurationList;
			buildConfigurations = (
				CED6FF332E45F78200C37E8B /* Debug */,
				CED6FF342E45F78200C37E8B /* Release */,
			);
			defaultConfigurationIsVisible = 0;
			defaultConfigurationName = Release;
		};
		CED6FF352E45F78200C37E8B /* Build configuration list for PBXNativeTarget "FerteSecret" */ = {
			isa = XCConfigurationList;
			buildConfigurations = (
				CED6FF362E45F78200C37E8B /* Debug */,
				CED6FF372E45F78200C37E8B /* Release */,
			);
			defaultConfigurationIsVisible = 0;
			defaultConfigurationName = Release;
		};
		CED6FF382E45F78200C37E8B /* Build configuration list for PBXNativeTarget "FerteSecretTests" */ = {
			isa = XCConfigurationList;
			buildConfigurations = (
				CED6FF392E45F78200C37E8B /* Debug */,
				CED6FF3A2E45F78200C37E8B /* Release */,
			);
			defaultConfigurationIsVisible = 0;
			defaultConfigurationName = Release;
		};
		CED6FF3B2E45F78200C37E8B /* Build configuration list for PBXNativeTarget "FerteSecretUITests" */ = {
			isa = XCConfigurationList;
			buildConfigurations = (
				CED6FF3C2E45F78200C37E8B /* Debug */,
				CED6FF3D2E45F78200C37E8B /* Release */,
			);
			defaultConfigurationIsVisible = 0;
			defaultConfigurationName = Release;
		};
/* End XCConfigurationList section */

/* Begin XCRemoteSwiftPackageReference section */
		CE35F0AB2E708CE40044585E /* XCRemoteSwiftPackageReference "firebase-ios-sdk" */ = {
			isa = XCRemoteSwiftPackageReference;
			repositoryURL = "https://github.com/firebase/firebase-ios-sdk";
			requirement = {
				kind = upToNextMajorVersion;
				minimumVersion = 12.2.0;
			};
		};
		CE941F312E46066900FCA40D /* XCRemoteSwiftPackageReference "ConfettiSwiftUI" */ = {
			isa = XCRemoteSwiftPackageReference;
			repositoryURL = "https://github.com/simibac/ConfettiSwiftUI.git";
			requirement = {
				kind = upToNextMajorVersion;
				minimumVersion = 2.0.3;
			};
		};
/* End XCRemoteSwiftPackageReference section */

/* Begin XCSwiftPackageProductDependency section */
		CE35F0AF2E7092150044585E /* FirebaseAuth */ = {
			isa = XCSwiftPackageProductDependency;
			package = CE35F0AB2E708CE40044585E /* XCRemoteSwiftPackageReference "firebase-ios-sdk" */;
			productName = FirebaseAuth;
		};
		CE35F0B12E7092150044585E /* FirebaseFirestore */ = {
			isa = XCSwiftPackageProductDependency;
			package = CE35F0AB2E708CE40044585E /* XCRemoteSwiftPackageReference "firebase-ios-sdk" */;
			productName = FirebaseFirestore;
		};
		CE941F322E46068700FCA40D /* ConfettiSwiftUI */ = {
			isa = XCSwiftPackageProductDependency;
			package = CE941F312E46066900FCA40D /* XCRemoteSwiftPackageReference "ConfettiSwiftUI" */;
			productName = ConfettiSwiftUI;
		};
/* End XCSwiftPackageProductDependency section */
	};
	rootObject = CED6FF082E45F78000C37E8B /* Project object */;
}
